
Microsoft Visual Studio Solution File, Format Version 12.00
# Visual Studio Version 17
VisualStudioVersion = 17.11.35312.102
MinimumVisualStudioVersion = 10.0.40219.1
Project("{9A19103F-16F7-4668-BE54-9A1E7A4F7556}") = "RazorPagesUI", "RazorPagesUI\RazorPagesUI.csproj", "{FFAA6F01-4A14-4E21-AD2D-02E9B0EA8FDB}"
EndProject
Project("{2150E333-8FDC-42A3-9474-1A3956D46DE8}") = "Solution Items", "Solution Items", "{D9B482D5-3A4C-4E62-95E2-95E578C92079}"
	ProjectSection(SolutionItems) = preProject
		README.md = README.md
	EndProjectSection
EndProject
Project("{9A19103F-16F7-4668-BE54-9A1E7A4F7556}") = "DemoAppIT604A", "DemoAppIT604A\DemoAppIT604A.csproj", "{E8EC95EE-4193-43FB-A4D1-C984C10E8DE4}"
EndProject
Project("{9A19103F-16F7-4668-BE54-9A1E7A4F7556}") = "DemoAppIT603A", "DemoAppIT603A\DemoAppIT603A.csproj", "{4EB91500-2C6E-4FC8-A326-5CCBA2DEE2EB}"
EndProject
Project("{2150E333-8FDC-42A3-9474-1A3956D46DE8}") = "Midterm", "Midterm", "{8E374220-6891-493D-B60A-E0931499FCA3}"
EndProject
Project("{2150E333-8FDC-42A3-9474-1A3956D46DE8}") = "Prelim", "Prelim", "{7F6B7452-1445-4632-819D-3745F83D835A}"
EndProject
Project("{9A19103F-16F7-4668-BE54-9A1E7A4F7556}") = "MVCDemo", "MVCDemo\MVCDemo.csproj", "{2094A087-1C50-41BF-855B-A0E1BA454587}"
EndProject
Project("{9A19103F-16F7-4668-BE54-9A1E7A4F7556}") = "Test", "Test\Test.csproj", "{1F11FEA5-DC57-4AF2-91FB-3FE339DE4FD5}"
EndProject
Project("{9A19103F-16F7-4668-BE54-9A1E7A4F7556}") = "Alcuino_MVC", "Alcuino_MVC\Alcuino_MVC.csproj", "{57D8C4E5-52CA-4B76-A252-EECB5376FDDF}"
EndProject
Project("{FAE04EC0-301F-11D3-BF4B-00C04F79EFBC}") = "Alcuino_MVC_Expense", "Alcuino_MVC_Expense\Alcuino_MVC_Expense.csproj", "{94598A88-413A-448B-9F2B-8A8EC428FD47}"
EndProject
Project("{FAE04EC0-301F-11D3-BF4B-00C04F79EFBC}") = "Alcuino_MVC_Lending", "Alcuino_MVC_Lending\Alcuino_MVC_Lending.csproj", "{006AFEB1-4936-4DA6-9702-C85A85DD8E6E}"
EndProject
Global
	GlobalSection(SolutionConfigurationPlatforms) = preSolution
		Debug|Any CPU = Debug|Any CPU
		Release|Any CPU = Release|Any CPU
	EndGlobalSection
	GlobalSection(ProjectConfigurationPlatforms) = postSolution
		{FFAA6F01-4A14-4E21-AD2D-02E9B0EA8FDB}.Debug|Any CPU.ActiveCfg = Debug|Any CPU
		{FFAA6F01-4A14-4E21-AD2D-02E9B0EA8FDB}.Debug|Any CPU.Build.0 = Debug|Any CPU
		{FFAA6F01-4A14-4E21-AD2D-02E9B0EA8FDB}.Release|Any CPU.ActiveCfg = Release|Any CPU
		{FFAA6F01-4A14-4E21-AD2D-02E9B0EA8FDB}.Release|Any CPU.Build.0 = Release|Any CPU
		{E8EC95EE-4193-43FB-A4D1-C984C10E8DE4}.Debug|Any CPU.ActiveCfg = Debug|Any CPU
		{E8EC95EE-4193-43FB-A4D1-C984C10E8DE4}.Debug|Any CPU.Build.0 = Debug|Any CPU
		{E8EC95EE-4193-43FB-A4D1-C984C10E8DE4}.Release|Any CPU.ActiveCfg = Release|Any CPU
		{E8EC95EE-4193-43FB-A4D1-C984C10E8DE4}.Release|Any CPU.Build.0 = Release|Any CPU
		{4EB91500-2C6E-4FC8-A326-5CCBA2DEE2EB}.Debug|Any CPU.ActiveCfg = Debug|Any CPU
		{4EB91500-2C6E-4FC8-A326-5CCBA2DEE2EB}.Debug|Any CPU.Build.0 = Debug|Any CPU
		{4EB91500-2C6E-4FC8-A326-5CCBA2DEE2EB}.Release|Any CPU.ActiveCfg = Release|Any CPU
		{4EB91500-2C6E-4FC8-A326-5CCBA2DEE2EB}.Release|Any CPU.Build.0 = Release|Any CPU
		{2094A087-1C50-41BF-855B-A0E1BA454587}.Debug|Any CPU.ActiveCfg = Debug|Any CPU
		{2094A087-1C50-41BF-855B-A0E1BA454587}.Debug|Any CPU.Build.0 = Debug|Any CPU
		{2094A087-1C50-41BF-855B-A0E1BA454587}.Release|Any CPU.ActiveCfg = Release|Any CPU
		{2094A087-1C50-41BF-855B-A0E1BA454587}.Release|Any CPU.Build.0 = Release|Any CPU
		{1F11FEA5-DC57-4AF2-91FB-3FE339DE4FD5}.Debug|Any CPU.ActiveCfg = Debug|Any CPU
		{1F11FEA5-DC57-4AF2-91FB-3FE339DE4FD5}.Debug|Any CPU.Build.0 = Debug|Any CPU
		{1F11FEA5-DC57-4AF2-91FB-3FE339DE4FD5}.Release|Any CPU.ActiveCfg = Release|Any CPU
		{1F11FEA5-DC57-4AF2-91FB-3FE339DE4FD5}.Release|Any CPU.Build.0 = Release|Any CPU
		{57D8C4E5-52CA-4B76-A252-EECB5376FDDF}.Debug|Any CPU.ActiveCfg = Debug|Any CPU
		{57D8C4E5-52CA-4B76-A252-EECB5376FDDF}.Debug|Any CPU.Build.0 = Debug|Any CPU
		{57D8C4E5-52CA-4B76-A252-EECB5376FDDF}.Release|Any CPU.ActiveCfg = Release|Any CPU
		{57D8C4E5-52CA-4B76-A252-EECB5376FDDF}.Release|Any CPU.Build.0 = Release|Any CPU
		{94598A88-413A-448B-9F2B-8A8EC428FD47}.Debug|Any CPU.ActiveCfg = Debug|Any CPU
		{94598A88-413A-448B-9F2B-8A8EC428FD47}.Debug|Any CPU.Build.0 = Debug|Any CPU
		{94598A88-413A-448B-9F2B-8A8EC428FD47}.Release|Any CPU.ActiveCfg = Release|Any CPU
		{94598A88-413A-448B-9F2B-8A8EC428FD47}.Release|Any CPU.Build.0 = Release|Any CPU
		{006AFEB1-4936-4DA6-9702-C85A85DD8E6E}.Debug|Any CPU.ActiveCfg = Debug|Any CPU
		{006AFEB1-4936-4DA6-9702-C85A85DD8E6E}.Debug|Any CPU.Build.0 = Debug|Any CPU
		{006AFEB1-4936-4DA6-9702-C85A85DD8E6E}.Release|Any CPU.ActiveCfg = Release|Any CPU
		{006AFEB1-4936-4DA6-9702-C85A85DD8E6E}.Release|Any CPU.Build.0 = Release|Any CPU
	EndGlobalSection
	GlobalSection(SolutionProperties) = preSolution
		HideSolutionNode = FALSE
	EndGlobalSection
	GlobalSection(NestedProjects) = preSolution
		{FFAA6F01-4A14-4E21-AD2D-02E9B0EA8FDB} = {7F6B7452-1445-4632-819D-3745F83D835A}
		{E8EC95EE-4193-43FB-A4D1-C984C10E8DE4} = {7F6B7452-1445-4632-819D-3745F83D835A}
		{4EB91500-2C6E-4FC8-A326-5CCBA2DEE2EB} = {7F6B7452-1445-4632-819D-3745F83D835A}
		{2094A087-1C50-41BF-855B-A0E1BA454587} = {8E374220-6891-493D-B60A-E0931499FCA3}
		{1F11FEA5-DC57-4AF2-91FB-3FE339DE4FD5} = {8E374220-6891-493D-B60A-E0931499FCA3}
		{57D8C4E5-52CA-4B76-A252-EECB5376FDDF} = {8E374220-6891-493D-B60A-E0931499FCA3}
		{94598A88-413A-448B-9F2B-8A8EC428FD47} = {8E374220-6891-493D-B60A-E0931499FCA3}
		{006AFEB1-4936-4DA6-9702-C85A85DD8E6E} = {8E374220-6891-493D-B60A-E0931499FCA3}
	EndGlobalSection
	GlobalSection(ExtensibilityGlobals) = postSolution
		SolutionGuid = {B4573300-DC0E-4D27-8647-A83E8F8BE7C2}
	EndGlobalSection
EndGlobal
